
Microsoft Visual Studio Solution File, Format Version 12.00
# Visual Studio Version 17
VisualStudioVersion = 17.5.33424.131
MinimumVisualStudioVersion = 10.0.40219.1
Project("{8BC9CEB8-8B4A-11D0-8D11-00A0C91BC942}") = "LinearOptimalControl", "LinearOptimalControl\LinearOptimalControl.vcxproj", "{193173AE-8098-42EB-9B23-2B76497214CC}"
EndProject
Global
	GlobalSection(SolutionConfigurationPlatforms) = preSolution
		Debug|x64 = Debug|x64
		Debug|x86 = Debug|x86
		Release|x64 = Release|x64
		Release|x86 = Release|x86
		Timing|x64 = Timing|x64
		Timing|x86 = Timing|x86
	EndGlobalSection
	GlobalSection(ProjectConfigurationPlatforms) = postSolution
		{193173AE-8098-42EB-9B23-2B76497214CC}.Debug|x64.ActiveCfg = Debug|x64
		{193173AE-8098-42EB-9B23-2B76497214CC}.Debug|x64.Build.0 = Debug|x64
		{193173AE-8098-42EB-9B23-2B76497214CC}.Debug|x86.ActiveCfg = Debug|Win32
		{193173AE-8098-42EB-9B23-2B76497214CC}.Debug|x86.Build.0 = Debug|Win32
		{193173AE-8098-42EB-9B23-2B76497214CC}.Release|x64.ActiveCfg = Release|x64
		{193173AE-8098-42EB-9B23-2B76497214CC}.Release|x64.Build.0 = Release|x64
		{193173AE-8098-42EB-9B23-2B76497214CC}.Release|x86.ActiveCfg = Release|Win32
		{193173AE-8098-42EB-9B23-2B76497214CC}.Release|x86.Build.0 = Release|Win32
		{193173AE-8098-42EB-9B23-2B76497214CC}.Timing|x64.ActiveCfg = Timer|x64
		{193173AE-8098-42EB-9B23-2B76497214CC}.Timing|x64.Build.0 = Timer|x64
		{193173AE-8098-42EB-9B23-2B76497214CC}.Timing|x86.ActiveCfg = Timer|Win32
		{193173AE-8098-42EB-9B23-2B76497214CC}.Timing|x86.Build.0 = Timer|Win32
	EndGlobalSection
	GlobalSection(SolutionProperties) = preSolution
		HideSolutionNode = FALSE
	EndGlobalSection
	GlobalSection(ExtensibilityGlobals) = postSolution
		SolutionGuid = {BAEEA935-231E-4697-B4E1-674B14F7DA7D}
	EndGlobalSection
EndGlobal
