<?xml version="1.0" encoding="utf-8"?>
<Project ToolsVersion="4.0" xmlns="http://schemas.microsoft.com/developer/msbuild/2003">
  <ItemGroup>
    <Filter Include="Source Files">
      <UniqueIdentifier>{4FC737F1-C7A5-4376-A066-2A32D752A2FF}</UniqueIdentifier>
      <Extensions>cpp;c;cc;cxx;c++;cppm;ixx;def;odl;idl;hpj;bat;asm;asmx</Extensions>
    </Filter>
    <Filter Include="Header Files">
      <UniqueIdentifier>{93995380-89BD-4b04-88EB-625FBE52EBFB}</UniqueIdentifier>
      <Extensions>h;hh;hpp;hxx;h++;hm;inl;inc;ipp;xsd</Extensions>
    </Filter>
    <Filter Include="Resource Files">
      <UniqueIdentifier>{67DA6AB6-F800-4c08-8B7A-83BB121AAD01}</UniqueIdentifier>
      <Extensions>rc;ico;cur;bmp;dlg;rc2;rct;bin;rgs;gif;jpg;jpeg;jpe;resx;tiff;tif;png;wav;mfcribbon-ms</Extensions>
    </Filter>
    <Filter Include="Header Files\imgui">
      <UniqueIdentifier>{cabcd2b9-3812-4d03-a1f6-c2d30fdae451}</UniqueIdentifier>
    </Filter>
    <Filter Include="Source Files\imgui">
      <UniqueIdentifier>{b9015dd8-67f4-49a5-acdd-c0ecb4a2d339}</UniqueIdentifier>
    </Filter>
    <Filter Include="Header Files\implot">
      <UniqueIdentifier>{182e7ad2-5c3a-406a-b41c-6ca61245bc76}</UniqueIdentifier>
    </Filter>
    <Filter Include="Source Files\implot">
      <UniqueIdentifier>{160da053-d905-4639-bb3f-6e34c5d4acdd}</UniqueIdentifier>
    </Filter>
    <Filter Include="Header Files\rendering">
      <UniqueIdentifier>{b6eea3e6-17ab-4c57-af41-ce42910e63a3}</UniqueIdentifier>
    </Filter>
    <Filter Include="Source Files\rendering">
      <UniqueIdentifier>{30d8ac30-85cc-4d51-ab8c-6b6c8bf14793}</UniqueIdentifier>
    </Filter>
    <Filter Include="Header Files\eigen">
      <UniqueIdentifier>{9679280b-9a90-417d-8e59-fa5a3d021581}</UniqueIdentifier>
    </Filter>
  </ItemGroup>
  <ItemGroup>
    <ClCompile Include="main.cpp">
      <Filter>Source Files</Filter>
    </ClCompile>
    <ClCompile Include="..\Dependencies\imgui\imgui.cpp">
      <Filter>Source Files\imgui</Filter>
    </ClCompile>
    <ClCompile Include="..\Dependencies\imgui\imgui_demo.cpp">
      <Filter>Source Files\imgui</Filter>
    </ClCompile>
    <ClCompile Include="..\Dependencies\imgui\imgui_draw.cpp">
      <Filter>Source Files\imgui</Filter>
    </ClCompile>
    <ClCompile Include="..\Dependencies\imgui\imgui_tables.cpp">
      <Filter>Source Files\imgui</Filter>
    </ClCompile>
    <ClCompile Include="..\Dependencies\imgui\imgui_widgets.cpp">
      <Filter>Source Files\imgui</Filter>
    </ClCompile>
    <ClCompile Include="..\Dependencies\imgui\backends\imgui_impl_glfw.cpp">
      <Filter>Source Files\imgui</Filter>
    </ClCompile>
    <ClCompile Include="..\Dependencies\imgui\backends\imgui_impl_opengl3.cpp">
      <Filter>Source Files\imgui</Filter>
    </ClCompile>
    <ClCompile Include="..\Dependencies\implot\implot.cpp">
      <Filter>Source Files\implot</Filter>
    </ClCompile>
    <ClCompile Include="..\Dependencies\implot\implot_items.cpp">
      <Filter>Source Files\implot</Filter>
    </ClCompile>
    <ClCompile Include="LinearProgram.cpp">
      <Filter>Source Files</Filter>
    </ClCompile>
    <ClCompile Include="Application.cpp">
      <Filter>Source Files\rendering</Filter>
    </ClCompile>
    <ClCompile Include="PlotFrame.cpp">
      <Filter>Source Files\rendering</Filter>
    </ClCompile>
    <ClCompile Include="MainWindow.cpp">
      <Filter>Source Files\rendering</Filter>
    </ClCompile>
    <ClCompile Include="RungeKutta.cpp">
      <Filter>Source Files</Filter>
    </ClCompile>
  </ItemGroup>
  <ItemGroup>
    <ClInclude Include="..\Dependencies\imgui\imgui.h">
      <Filter>Header Files\imgui</Filter>
    </ClInclude>
    <ClInclude Include="..\Dependencies\imgui\imgui_internal.h">
      <Filter>Header Files\imgui</Filter>
    </ClInclude>
    <ClInclude Include="..\Dependencies\imgui\imstb_rectpack.h">
      <Filter>Header Files\imgui</Filter>
    </ClInclude>
    <ClInclude Include="..\Dependencies\imgui\imstb_textedit.h">
      <Filter>Header Files\imgui</Filter>
    </ClInclude>
    <ClInclude Include="..\Dependencies\imgui\imstb_truetype.h">
      <Filter>Header Files\imgui</Filter>
    </ClInclude>
    <ClInclude Include="..\Dependencies\imgui\imconfig.h">
      <Filter>Header Files\imgui</Filter>
    </ClInclude>
    <ClInclude Include="..\Dependencies\imgui\backends\imgui_impl_glfw.h">
      <Filter>Header Files\imgui</Filter>
    </ClInclude>
    <ClInclude Include="..\Dependencies\imgui\backends\imgui_impl_opengl3.h">
      <Filter>Header Files\imgui</Filter>
    </ClInclude>
    <ClInclude Include="..\Dependencies\implot\implot_internal.h">
      <Filter>Header Files\implot</Filter>
    </ClInclude>
    <ClInclude Include="..\Dependencies\implot\implot.h">
      <Filter>Header Files\implot</Filter>
    </ClInclude>
    <ClInclude Include="LinearProgram.h">
      <Filter>Header Files</Filter>
    </ClInclude>
    <ClInclude Include="Application.h">
      <Filter>Header Files\rendering</Filter>
    </ClInclude>
    <ClInclude Include="PlotFrame.h">
      <Filter>Header Files\rendering</Filter>
    </ClInclude>
    <ClInclude Include="Color.h">
      <Filter>Header Files\rendering</Filter>
    </ClInclude>
    <ClInclude Include="MainWindow.h">
      <Filter>Header Files\rendering</Filter>
    </ClInclude>
    <ClInclude Include="Window.h">
      <Filter>Header Files\rendering</Filter>
    </ClInclude>
    <ClInclude Include="Matrix.h">
      <Filter>Header Files</Filter>
    </ClInclude>
    <ClInclude Include="RungeKutta.h">
      <Filter>Header Files</Filter>
    </ClInclude>
    <ClInclude Include="Timer.h">
      <Filter>Header Files</Filter>
    </ClInclude>
  </ItemGroup>
  <ItemGroup>
    <None Include="..\Dependencies\eigen\Eigen\AccelerateSupport">
      <Filter>Header Files\eigen</Filter>
    </None>
    <None Include="..\Dependencies\eigen\Eigen\Cholesky">
      <Filter>Header Files\eigen</Filter>
    </None>
    <None Include="..\Dependencies\eigen\Eigen\CholmodSupport">
      <Filter>Header Files\eigen</Filter>
    </None>
    <None Include="..\Dependencies\eigen\Eigen\Core">
      <Filter>Header Files\eigen</Filter>
    </None>
    <None Include="..\Dependencies\eigen\Eigen\Dense">
      <Filter>Header Files\eigen</Filter>
    </None>
    <None Include="..\Dependencies\eigen\Eigen\Eigen">
      <Filter>Header Files\eigen</Filter>
    </None>
    <None Include="..\Dependencies\eigen\Eigen\Eigenvalues">
      <Filter>Header Files\eigen</Filter>
    </None>
    <None Include="..\Dependencies\eigen\Eigen\Geometry">
      <Filter>Header Files\eigen</Filter>
    </None>
    <None Include="..\Dependencies\eigen\Eigen\Householder">
      <Filter>Header Files\eigen</Filter>
    </None>
    <None Include="..\Dependencies\eigen\Eigen\IterativeLinearSolvers">
      <Filter>Header Files\eigen</Filter>
    </None>
    <None Include="..\Dependencies\eigen\Eigen\Jacobi">
      <Filter>Header Files\eigen</Filter>
    </None>
    <None Include="..\Dependencies\eigen\Eigen\KLUSupport">
      <Filter>Header Files\eigen</Filter>
    </None>
    <None Include="..\Dependencies\eigen\Eigen\LU">
      <Filter>Header Files\eigen</Filter>
    </None>
    <None Include="..\Dependencies\eigen\Eigen\MetisSupport">
      <Filter>Header Files\eigen</Filter>
    </None>
    <None Include="..\Dependencies\eigen\Eigen\OrderingMethods">
      <Filter>Header Files\eigen</Filter>
    </None>
    <None Include="..\Dependencies\eigen\Eigen\PardisoSupport">
      <Filter>Header Files\eigen</Filter>
    </None>
    <None Include="..\Dependencies\eigen\Eigen\PaStiXSupport">
      <Filter>Header Files\eigen</Filter>
    </None>
    <None Include="..\Dependencies\eigen\Eigen\QR">
      <Filter>Header Files\eigen</Filter>
    </None>
    <None Include="..\Dependencies\eigen\Eigen\QtAlignedMalloc">
      <Filter>Header Files\eigen</Filter>
    </None>
    <None Include="..\Dependencies\eigen\Eigen\Sparse">
      <Filter>Header Files\eigen</Filter>
    </None>
    <None Include="..\Dependencies\eigen\Eigen\SparseCholesky">
      <Filter>Header Files\eigen</Filter>
    </None>
    <None Include="..\Dependencies\eigen\Eigen\SparseCore">
      <Filter>Header Files\eigen</Filter>
    </None>
    <None Include="..\Dependencies\eigen\Eigen\SparseLU">
      <Filter>Header Files\eigen</Filter>
    </None>
    <None Include="..\Dependencies\eigen\Eigen\SparseQR">
      <Filter>Header Files\eigen</Filter>
    </None>
    <None Include="..\Dependencies\eigen\Eigen\SPQRSupport">
      <Filter>Header Files\eigen</Filter>
    </None>
    <None Include="..\Dependencies\eigen\Eigen\StdDeque">
      <Filter>Header Files\eigen</Filter>
    </None>
    <None Include="..\Dependencies\eigen\Eigen\StdList">
      <Filter>Header Files\eigen</Filter>
    </None>
    <None Include="..\Dependencies\eigen\Eigen\StdVector">
      <Filter>Header Files\eigen</Filter>
    </None>
    <None Include="..\Dependencies\eigen\Eigen\SuperLUSupport">
      <Filter>Header Files\eigen</Filter>
    </None>
    <None Include="..\Dependencies\eigen\Eigen\SVD">
      <Filter>Header Files\eigen</Filter>
    </None>
    <None Include="..\Dependencies\eigen\Eigen\ThreadPool">
      <Filter>Header Files\eigen</Filter>
    </None>
    <None Include="..\Dependencies\eigen\Eigen\UmfPackSupport">
      <Filter>Header Files\eigen</Filter>
    </None>
    <None Include="imgui.ini">
      <Filter>Resource Files</Filter>
    </None>
  </ItemGroup>
</Project>